// !$*UTF8*$!
{
	archiveVersion = 1;
	classes = {
	};
	objectVersion = 56;
	objects = {

/* Begin PBXBuildFile section */
		AB8E54962A389E0300009DD2 /* AppDelegate.swift in Sources */ = {isa = PBXBuildFile; fileRef = AB8E54952A389E0300009DD2 /* AppDelegate.swift */; };
		AB8E54982A389E0300009DD2 /* SceneDelegate.swift in Sources */ = {isa = PBXBuildFile; fileRef = AB8E54972A389E0300009DD2 /* SceneDelegate.swift */; };
		AB8E549A2A389E0300009DD2 /* HomeViewController.swift in Sources */ = {isa = PBXBuildFile; fileRef = AB8E54992A389E0300009DD2 /* HomeViewController.swift */; };
		AB8E549F2A389E0B00009DD2 /* Assets.xcassets in Resources */ = {isa = PBXBuildFile; fileRef = AB8E549E2A389E0B00009DD2 /* Assets.xcassets */; };
		AB8E54A22A389E0B00009DD2 /* LaunchScreen.storyboard in Resources */ = {isa = PBXBuildFile; fileRef = AB8E54A02A389E0B00009DD2 /* LaunchScreen.storyboard */; };
		AB8E54AA2A38A5CA00009DD2 /* TextField.swift in Sources */ = {isa = PBXBuildFile; fileRef = AB8E54A92A38A5CA00009DD2 /* TextField.swift */; };
		AB8E54AF2A38ABF700009DD2 /* Color+Extensions.swift in Sources */ = {isa = PBXBuildFile; fileRef = AB8E54AE2A38ABF700009DD2 /* Color+Extensions.swift */; };
		AB8E54B12A38AC1B00009DD2 /* Colors.swift in Sources */ = {isa = PBXBuildFile; fileRef = AB8E54B02A38AC1B00009DD2 /* Colors.swift */; };
/* End PBXBuildFile section */

/* Begin PBXFileReference section */
		AB8E54922A389E0300009DD2 /* PostForYou.app */ = {isa = PBXFileReference; explicitFileType = wrapper.application; includeInIndex = 0; path = PostForYou.app; sourceTree = BUILT_PRODUCTS_DIR; };
		AB8E54952A389E0300009DD2 /* AppDelegate.swift */ = {isa = PBXFileReference; lastKnownFileType = sourcecode.swift; path = AppDelegate.swift; sourceTree = "<group>"; };
		AB8E54972A389E0300009DD2 /* SceneDelegate.swift */ = {isa = PBXFileReference; lastKnownFileType = sourcecode.swift; path = SceneDelegate.swift; sourceTree = "<group>"; };
		AB8E54992A389E0300009DD2 /* HomeViewController.swift */ = {isa = PBXFileReference; lastKnownFileType = sourcecode.swift; path = HomeViewController.swift; sourceTree = "<group>"; };
		AB8E549E2A389E0B00009DD2 /* Assets.xcassets */ = {isa = PBXFileReference; lastKnownFileType = folder.assetcatalog; path = Assets.xcassets; sourceTree = "<group>"; };
		AB8E54A12A389E0B00009DD2 /* Base */ = {isa = PBXFileReference; lastKnownFileType = file.storyboard; name = Base; path = Base.lproj/LaunchScreen.storyboard; sourceTree = "<group>"; };
		AB8E54A32A389E0B00009DD2 /* Info.plist */ = {isa = PBXFileReference; lastKnownFileType = text.plist.xml; path = Info.plist; sourceTree = "<group>"; };
		AB8E54A92A38A5CA00009DD2 /* TextField.swift */ = {isa = PBXFileReference; lastKnownFileType = sourcecode.swift; path = TextField.swift; sourceTree = "<group>"; };
		AB8E54AE2A38ABF700009DD2 /* Color+Extensions.swift */ = {isa = PBXFileReference; lastKnownFileType = sourcecode.swift; path = "Color+Extensions.swift"; sourceTree = "<group>"; };
		AB8E54B02A38AC1B00009DD2 /* Colors.swift */ = {isa = PBXFileReference; lastKnownFileType = sourcecode.swift; path = Colors.swift; sourceTree = "<group>"; };
/* End PBXFileReference section */

/* Begin PBXFrameworksBuildPhase section */
		AB8E548F2A389E0300009DD2 /* Frameworks */ = {
			isa = PBXFrameworksBuildPhase;
			buildActionMask = 2147483647;
			files = (
			);
			runOnlyForDeploymentPostprocessing = 0;
		};
/* End PBXFrameworksBuildPhase section */

/* Begin PBXGroup section */
		AB8E54892A389E0300009DD2 = {
			isa = PBXGroup;
			children = (
				AB8E54942A389E0300009DD2 /* PostForYou */,
				AB8E54932A389E0300009DD2 /* Products */,
			);
			sourceTree = "<group>";
		};
		AB8E54932A389E0300009DD2 /* Products */ = {
			isa = PBXGroup;
			children = (
				AB8E54922A389E0300009DD2 /* PostForYou.app */,
			);
			name = Products;
			sourceTree = "<group>";
		};
		AB8E54942A389E0300009DD2 /* PostForYou */ = {
			isa = PBXGroup;
			children = (
				AB8E54952A389E0300009DD2 /* AppDelegate.swift */,
				AB8E54972A389E0300009DD2 /* SceneDelegate.swift */,
				AB8E54992A389E0300009DD2 /* HomeViewController.swift */,
				AB8E54A92A38A5CA00009DD2 /* TextField.swift */,
				AB8E54AC2A38ABA400009DD2 /* Helpers */,
				AB8E549E2A389E0B00009DD2 /* Assets.xcassets */,
				AB8E54A02A389E0B00009DD2 /* LaunchScreen.storyboard */,
				AB8E54A32A389E0B00009DD2 /* Info.plist */,
			);
			path = PostForYou;
			sourceTree = "<group>";
		};
		AB8E54AB2A38AB8300009DD2 /* Resources */ = {
			isa = PBXGroup;
			children = (
				AB8E54B02A38AC1B00009DD2 /* Colors.swift */,
			);
			path = Resources;
			sourceTree = "<group>";
		};
		AB8E54AC2A38ABA400009DD2 /* Helpers */ = {
			isa = PBXGroup;
			children = (
				AB8E54AD2A38ABBF00009DD2 /* Extensions */,
				AB8E54AB2A38AB8300009DD2 /* Resources */,
			);
			path = Helpers;
			sourceTree = "<group>";
		};
		AB8E54AD2A38ABBF00009DD2 /* Extensions */ = {
			isa = PBXGroup;
			children = (
				AB8E54AE2A38ABF700009DD2 /* Color+Extensions.swift */,
			);
			path = Extensions;
			sourceTree = "<group>";
		};
/* End PBXGroup section */

/* Begin PBXNativeTarget section */
		AB8E54912A389E0300009DD2 /* PostForYou */ = {
			isa = PBXNativeTarget;
			buildConfigurationList = AB8E54A62A389E0B00009DD2 /* Build configuration list for PBXNativeTarget "PostForYou" */;
			buildPhases = (
				AB8E548E2A389E0300009DD2 /* Sources */,
				AB8E548F2A389E0300009DD2 /* Frameworks */,
				AB8E54902A389E0300009DD2 /* Resources */,
			);
			buildRules = (
			);
			dependencies = (
			);
			name = PostForYou;
			productName = PostForYou;
			productReference = AB8E54922A389E0300009DD2 /* PostForYou.app */;
			productType = "com.apple.product-type.application";
		};
/* End PBXNativeTarget section */

/* Begin PBXProject section */
		AB8E548A2A389E0300009DD2 /* Project object */ = {
			isa = PBXProject;
			attributes = {
				BuildIndependentTargetsInParallel = 1;
				LastSwiftUpdateCheck = 1400;
				LastUpgradeCheck = 1400;
				TargetAttributes = {
					AB8E54912A389E0300009DD2 = {
						CreatedOnToolsVersion = 14.0.1;
					};
				};
			};
			buildConfigurationList = AB8E548D2A389E0300009DD2 /* Build configuration list for PBXProject "PostForYou" */;
			compatibilityVersion = "Xcode 14.0";
			developmentRegion = en;
			hasScannedForEncodings = 0;
			knownRegions = (
				en,
				Base,
			);
			mainGroup = AB8E54892A389E0300009DD2;
			productRefGroup = AB8E54932A389E0300009DD2 /* Products */;
			projectDirPath = "";
			projectRoot = "";
			targets = (
				AB8E54912A389E0300009DD2 /* PostForYou */,
			);
		};
/* End PBXProject section */

/* Begin PBXResourcesBuildPhase section */
		AB8E54902A389E0300009DD2 /* Resources */ = {
			isa = PBXResourcesBuildPhase;
			buildActionMask = 2147483647;
			files = (
				AB8E54A22A389E0B00009DD2 /* LaunchScreen.storyboard in Resources */,
				AB8E549F2A389E0B00009DD2 /* Assets.xcassets in Resources */,
			);
			runOnlyForDeploymentPostprocessing = 0;
		};
/* End PBXResourcesBuildPhase section */

/* Begin PBXSourcesBuildPhase section */
		AB8E548E2A389E0300009DD2 /* Sources */ = {
			isa = PBXSourcesBuildPhase;
			buildActionMask = 2147483647;
			files = (
				AB8E54AF2A38ABF700009DD2 /* Color+Extensions.swift in Sources */,
				AB8E54B12A38AC1B00009DD2 /* Colors.swift in Sources */,
				AB8E549A2A389E0300009DD2 /* HomeViewController.swift in Sources */,
				AB8E54962A389E0300009DD2 /* AppDelegate.swift in Sources */,
				AB8E54982A389E0300009DD2 /* SceneDelegate.swift in Sources */,
				AB8E54AA2A38A5CA00009DD2 /* TextField.swift in Sources */,
			);
			runOnlyForDeploymentPostprocessing = 0;
		};
/* End PBXSourcesBuildPhase section */

/* Begin PBXVariantGroup section */
		AB8E54A02A389E0B00009DD2 /* LaunchScreen.storyboard */ = {
			isa = PBXVariantGroup;
			children = (
				AB8E54A12A389E0B00009DD2 /* Base */,
			);
			name = LaunchScreen.storyboard;
			sourceTree = "<group>";
		};
/* End PBXVariantGroup section */

/* Begin XCBuildConfiguration section */
		AB8E54A42A389E0B00009DD2 /* Debug */ = {
			isa = XCBuildConfiguration;
			buildSettings = {
				ALWAYS_SEARCH_USER_PATHS = NO;
				CLANG_ANALYZER_NONNULL = YES;
				CLANG_ANALYZER_NUMBER_OBJECT_CONVERSION = YES_AGGRESSIVE;
				CLANG_CXX_LANGUAGE_STANDARD = "gnu++20";
				CLANG_ENABLE_MODULES = YES;
				CLANG_ENABLE_OBJC_ARC = YES;
				CLANG_ENABLE_OBJC_WEAK = YES;
				CLANG_WARN_BLOCK_CAPTURE_AUTORELEASING = YES;
				CLANG_WARN_BOOL_CONVERSION = YES;
				CLANG_WARN_COMMA = YES;
				CLANG_WARN_CONSTANT_CONVERSION = YES;
				CLANG_WARN_DEPRECATED_OBJC_IMPLEMENTATIONS = YES;
				CLANG_WARN_DIRECT_OBJC_ISA_USAGE = YES_ERROR;
				CLANG_WARN_DOCUMENTATION_COMMENTS = YES;
				CLANG_WARN_EMPTY_BODY = YES;
				CLANG_WARN_ENUM_CONVERSION = YES;
				CLANG_WARN_INFINITE_RECURSION = YES;
				CLANG_WARN_INT_CONVERSION = YES;
				CLANG_WARN_NON_LITERAL_NULL_CONVERSION = YES;
				CLANG_WARN_OBJC_IMPLICIT_RETAIN_SELF = YES;
				CLANG_WARN_OBJC_LITERAL_CONVERSION = YES;
				CLANG_WARN_OBJC_ROOT_CLASS = YES_ERROR;
				CLANG_WARN_QUOTED_INCLUDE_IN_FRAMEWORK_HEADER = YES;
				CLANG_WARN_RANGE_LOOP_ANALYSIS = YES;
				CLANG_WARN_STRICT_PROTOTYPES = YES;
				CLANG_WARN_SUSPICIOUS_MOVE = YES;
				CLANG_WARN_UNGUARDED_AVAILABILITY = YES_AGGRESSIVE;
				CLANG_WARN_UNREACHABLE_CODE = YES;
				CLANG_WARN__DUPLICATE_METHOD_MATCH = YES;
				COPY_PHASE_STRIP = NO;
				DEBUG_INFORMATION_FORMAT = dwarf;
				ENABLE_STRICT_OBJC_MSGSEND = YES;
				ENABLE_TESTABILITY = YES;
				GCC_C_LANGUAGE_STANDARD = gnu11;
				GCC_DYNAMIC_NO_PIC = NO;
				GCC_NO_COMMON_BLOCKS = YES;
				GCC_OPTIMIZATION_LEVEL = 0;
				GCC_PREPROCESSOR_DEFINITIONS = (
					"DEBUG=1",
					"$(inherited)",
				);
				GCC_WARN_64_TO_32_BIT_CONVERSION = YES;
				GCC_WARN_ABOUT_RETURN_TYPE = YES_ERROR;
				GCC_WARN_UNDECLARED_SELECTOR = YES;
				GCC_WARN_UNINITIALIZED_AUTOS = YES_AGGRESSIVE;
				GCC_WARN_UNUSED_FUNCTION = YES;
				GCC_WARN_UNUSED_VARIABLE = YES;
				IPHONEOS_DEPLOYMENT_TARGET = 16.0;
				MTL_ENABLE_DEBUG_INFO = INCLUDE_SOURCE;
				MTL_FAST_MATH = YES;
				ONLY_ACTIVE_ARCH = YES;
				SDKROOT = iphoneos;
				SWIFT_ACTIVE_COMPILATION_CONDITIONS = DEBUG;
				SWIFT_OPTIMIZATION_LEVEL = "-Onone";
			};
			name = Debug;
		};
		AB8E54A52A389E0B00009DD2 /* Release */ = {
			isa = XCBuildConfiguration;
			buildSettings = {
				ALWAYS_SEARCH_USER_PATHS = NO;
				CLANG_ANALYZER_NONNULL = YES;
				CLANG_ANALYZER_NUMBER_OBJECT_CONVERSION = YES_AGGRESSIVE;
				CLANG_CXX_LANGUAGE_STANDARD = "gnu++20";
				CLANG_ENABLE_MODULES = YES;
				CLANG_ENABLE_OBJC_ARC = YES;
				CLANG_ENABLE_OBJC_WEAK = YES;
				CLANG_WARN_BLOCK_CAPTURE_AUTORELEASING = YES;
				CLANG_WARN_BOOL_CONVERSION = YES;
				CLANG_WARN_COMMA = YES;
				CLANG_WARN_CONSTANT_CONVERSION = YES;
				CLANG_WARN_DEPRECATED_OBJC_IMPLEMENTATIONS = YES;
				CLANG_WARN_DIRECT_OBJC_ISA_USAGE = YES_ERROR;
				CLANG_WARN_DOCUMENTATION_COMMENTS = YES;
				CLANG_WARN_EMPTY_BODY = YES;
				CLANG_WARN_ENUM_CONVERSION = YES;
				CLANG_WARN_INFINITE_RECURSION = YES;
				CLANG_WARN_INT_CONVERSION = YES;
				CLANG_WARN_NON_LITERAL_NULL_CONVERSION = YES;
				CLANG_WARN_OBJC_IMPLICIT_RETAIN_SELF = YES;
				CLANG_WARN_OBJC_LITERAL_CONVERSION = YES;
				CLANG_WARN_OBJC_ROOT_CLASS = YES_ERROR;
				CLANG_WARN_QUOTED_INCLUDE_IN_FRAMEWORK_HEADER = YES;
				CLANG_WARN_RANGE_LOOP_ANALYSIS = YES;
				CLANG_WARN_STRICT_PROTOTYPES = YES;
				CLANG_WARN_SUSPICIOUS_MOVE = YES;
				CLANG_WARN_UNGUARDED_AVAILABILITY = YES_AGGRESSIVE;
				CLANG_WARN_UNREACHABLE_CODE = YES;
				CLANG_WARN__DUPLICATE_METHOD_MATCH = YES;
				COPY_PHASE_STRIP = NO;
				DEBUG_INFORMATION_FORMAT = "dwarf-with-dsym";
				ENABLE_NS_ASSERTIONS = NO;
				ENABLE_STRICT_OBJC_MSGSEND = YES;
				GCC_C_LANGUAGE_STANDARD = gnu11;
				GCC_NO_COMMON_BLOCKS = YES;
				GCC_WARN_64_TO_32_BIT_CONVERSION = YES;
				GCC_WARN_ABOUT_RETURN_TYPE = YES_ERROR;
				GCC_WARN_UNDECLARED_SELECTOR = YES;
				GCC_WARN_UNINITIALIZED_AUTOS = YES_AGGRESSIVE;
				GCC_WARN_UNUSED_FUNCTION = YES;
				GCC_WARN_UNUSED_VARIABLE = YES;
				IPHONEOS_DEPLOYMENT_TARGET = 16.0;
				MTL_ENABLE_DEBUG_INFO = NO;
				MTL_FAST_MATH = YES;
				SDKROOT = iphoneos;
				SWIFT_COMPILATION_MODE = wholemodule;
				SWIFT_OPTIMIZATION_LEVEL = "-O";
				VALIDATE_PRODUCT = YES;
			};
			name = Release;
		};
		AB8E54A72A389E0B00009DD2 /* Debug */ = {
			isa = XCBuildConfiguration;
			buildSettings = {
				ASSETCATALOG_COMPILER_APPICON_NAME = AppIcon;
				ASSETCATALOG_COMPILER_GLOBAL_ACCENT_COLOR_NAME = AccentColor;
				CODE_SIGN_STYLE = Automatic;
				CURRENT_PROJECT_VERSION = 1;
				DEVELOPMENT_TEAM = PF6GCM4LDS;
				GENERATE_INFOPLIST_FILE = YES;
				INFOPLIST_FILE = PostForYou/Info.plist;
				INFOPLIST_KEY_UIApplicationSupportsIndirectInputEvents = YES;
				INFOPLIST_KEY_UILaunchStoryboardName = LaunchScreen;
				INFOPLIST_KEY_UISupportedInterfaceOrientations = UIInterfaceOrientationPortrait;
				LD_RUNPATH_SEARCH_PATHS = (
					"$(inherited)",
					"@executable_path/Frameworks",
				);
				MARKETING_VERSION = 1.0;
				PRODUCT_BUNDLE_IDENTIFIER = co.petroyurkiv.PostForYou;
				PRODUCT_NAME = "$(TARGET_NAME)";
				SUPPORTED_PLATFORMS = "iphoneos iphonesimulator";
				SUPPORTS_MACCATALYST = NO;
				SUPPORTS_MAC_DESIGNED_FOR_IPHONE_IPAD = YES;
				SWIFT_EMIT_LOC_STRINGS = YES;
				SWIFT_VERSION = 5.0;
				TARGETED_DEVICE_FAMILY = 1;
			};
			name = Debug;
		};
		AB8E54A82A389E0B00009DD2 /* Release */ = {
			isa = XCBuildConfiguration;
			buildSettings = {
				ASSETCATALOG_COMPILER_APPICON_NAME = AppIcon;
				ASSETCATALOG_COMPILER_GLOBAL_ACCENT_COLOR_NAME = AccentColor;
				CODE_SIGN_STYLE = Automatic;
				CURRENT_PROJECT_VERSION = 1;
				DEVELOPMENT_TEAM = PF6GCM4LDS;
				GENERATE_INFOPLIST_FILE = YES;
				INFOPLIST_FILE = PostForYou/Info.plist;
				INFOPLIST_KEY_UIApplicationSupportsIndirectInputEvents = YES;
				INFOPLIST_KEY_UILaunchStoryboardName = LaunchScreen;
				INFOPLIST_KEY_UISupportedInterfaceOrientations = UIInterfaceOrientationPortrait;
				LD_RUNPATH_SEARCH_PATHS = (
					"$(inherited)",
					"@executable_path/Frameworks",
				);
				MARKETING_VERSION = 1.0;
				PRODUCT_BUNDLE_IDENTIFIER = co.petroyurkiv.PostForYou;
				PRODUCT_NAME = "$(TARGET_NAME)";
				SUPPORTED_PLATFORMS = "iphoneos iphonesimulator";
				SUPPORTS_MACCATALYST = NO;
				SUPPORTS_MAC_DESIGNED_FOR_IPHONE_IPAD = YES;
				SWIFT_EMIT_LOC_STRINGS = YES;
				SWIFT_VERSION = 5.0;
				TARGETED_DEVICE_FAMILY = 1;
			};
			name = Release;
		};
/* End XCBuildConfiguration section */

/* Begin XCConfigurationList section */
		AB8E548D2A389E0300009DD2 /* Build configuration list for PBXProject "PostForYou" */ = {
			isa = XCConfigurationList;
			buildConfigurations = (
				AB8E54A42A389E0B00009DD2 /* Debug */,
				AB8E54A52A389E0B00009DD2 /* Release */,
			);
			defaultConfigurationIsVisible = 0;
			defaultConfigurationName = Release;
		};
		AB8E54A62A389E0B00009DD2 /* Build configuration list for PBXNativeTarget "PostForYou" */ = {
			isa = XCConfigurationList;
			buildConfigurations = (
				AB8E54A72A389E0B00009DD2 /* Debug */,
				AB8E54A82A389E0B00009DD2 /* Release */,
			);
			defaultConfigurationIsVisible = 0;
			defaultConfigurationName = Release;
		};
/* End XCConfigurationList section */
	};
	rootObject = AB8E548A2A389E0300009DD2 /* Project object */;
}
